// !$*UTF8*$!
{
	archiveVersion = 1;
	classes = {
	};
	objectVersion = 50;
	objects = {

/* Begin PBXBuildFile section */
		B947EDB124D69B3B0029DEE8 /* AppDelegate.swift in Sources */ = {isa = PBXBuildFile; fileRef = B947EDB024D69B3B0029DEE8 /* AppDelegate.swift */; };
		B947EDB324D69B3B0029DEE8 /* SceneDelegate.swift in Sources */ = {isa = PBXBuildFile; fileRef = B947EDB224D69B3B0029DEE8 /* SceneDelegate.swift */; };
		B947EDB524D69B3B0029DEE8 /* ViewController.swift in Sources */ = {isa = PBXBuildFile; fileRef = B947EDB424D69B3B0029DEE8 /* ViewController.swift */; };
		B947EDB824D69B3B0029DEE8 /* Main.storyboard in Resources */ = {isa = PBXBuildFile; fileRef = B947EDB624D69B3B0029DEE8 /* Main.storyboard */; };
		B947EDBA24D69B3C0029DEE8 /* Assets.xcassets in Resources */ = {isa = PBXBuildFile; fileRef = B947EDB924D69B3C0029DEE8 /* Assets.xcassets */; };
		B947EDBD24D69B3C0029DEE8 /* LaunchScreen.storyboard in Resources */ = {isa = PBXBuildFile; fileRef = B947EDBB24D69B3C0029DEE8 /* LaunchScreen.storyboard */; };
		B947EDC824D69B3C0029DEE8 /* tipTests.swift in Sources */ = {isa = PBXBuildFile; fileRef = B947EDC724D69B3C0029DEE8 /* tipTests.swift */; };
		B947EDD324D69B3C0029DEE8 /* tipUITests.swift in Sources */ = {isa = PBXBuildFile; fileRef = B947EDD224D69B3C0029DEE8 /* tipUITests.swift */; };
/* End PBXBuildFile section */

/* Begin PBXContainerItemProxy section */
		B947EDC424D69B3C0029DEE8 /* PBXContainerItemProxy */ = {
			isa = PBXContainerItemProxy;
			containerPortal = B947EDA524D69B3A0029DEE8 /* Project object */;
			proxyType = 1;
			remoteGlobalIDString = B947EDAC24D69B3A0029DEE8;
			remoteInfo = tip;
		};
		B947EDCF24D69B3C0029DEE8 /* PBXContainerItemProxy */ = {
			isa = PBXContainerItemProxy;
			containerPortal = B947EDA524D69B3A0029DEE8 /* Project object */;
			proxyType = 1;
			remoteGlobalIDString = B947EDAC24D69B3A0029DEE8;
			remoteInfo = tip;
		};
/* End PBXContainerItemProxy section */

/* Begin PBXFileReference section */
		B947EDAD24D69B3A0029DEE8 /* tip.app */ = {isa = PBXFileReference; explicitFileType = wrapper.application; includeInIndex = 0; path = tip.app; sourceTree = BUILT_PRODUCTS_DIR; };
		B947EDB024D69B3B0029DEE8 /* AppDelegate.swift */ = {isa = PBXFileReference; lastKnownFileType = sourcecode.swift; path = AppDelegate.swift; sourceTree = "<group>"; };
		B947EDB224D69B3B0029DEE8 /* SceneDelegate.swift */ = {isa = PBXFileReference; lastKnownFileType = sourcecode.swift; path = SceneDelegate.swift; sourceTree = "<group>"; };
		B947EDB424D69B3B0029DEE8 /* ViewController.swift */ = {isa = PBXFileReference; lastKnownFileType = sourcecode.swift; path = ViewController.swift; sourceTree = "<group>"; };
		B947EDB724D69B3B0029DEE8 /* Base */ = {isa = PBXFileReference; lastKnownFileType = file.storyboard; name = Base; path = Base.lproj/Main.storyboard; sourceTree = "<group>"; };
		B947EDB924D69B3C0029DEE8 /* Assets.xcassets */ = {isa = PBXFileReference; lastKnownFileType = folder.assetcatalog; path = Assets.xcassets; sourceTree = "<group>"; };
		B947EDBC24D69B3C0029DEE8 /* Base */ = {isa = PBXFileReference; lastKnownFileType = file.storyboard; name = Base; path = Base.lproj/LaunchScreen.storyboard; sourceTree = "<group>"; };
		B947EDBE24D69B3C0029DEE8 /* Info.plist */ = {isa = PBXFileReference; lastKnownFileType = text.plist.xml; path = Info.plist; sourceTree = "<group>"; };
		B947EDC324D69B3C0029DEE8 /* tipTests.xctest */ = {isa = PBXFileReference; explicitFileType = wrapper.cfbundle; includeInIndex = 0; path = tipTests.xctest; sourceTree = BUILT_PRODUCTS_DIR; };
		B947EDC724D69B3C0029DEE8 /* tipTests.swift */ = {isa = PBXFileReference; lastKnownFileType = sourcecode.swift; path = tipTests.swift; sourceTree = "<group>"; };
		B947EDC924D69B3C0029DEE8 /* Info.plist */ = {isa = PBXFileReference; lastKnownFileType = text.plist.xml; path = Info.plist; sourceTree = "<group>"; };
		B947EDCE24D69B3C0029DEE8 /* tipUITests.xctest */ = {isa = PBXFileReference; explicitFileType = wrapper.cfbundle; includeInIndex = 0; path = tipUITests.xctest; sourceTree = BUILT_PRODUCTS_DIR; };
		B947EDD224D69B3C0029DEE8 /* tipUITests.swift */ = {isa = PBXFileReference; lastKnownFileType = sourcecode.swift; path = tipUITests.swift; sourceTree = "<group>"; };
		B947EDD424D69B3C0029DEE8 /* Info.plist */ = {isa = PBXFileReference; lastKnownFileType = text.plist.xml; path = Info.plist; sourceTree = "<group>"; };
/* End PBXFileReference section */

/* Begin PBXFrameworksBuildPhase section */
		B947EDAA24D69B3A0029DEE8 /* Frameworks */ = {
			isa = PBXFrameworksBuildPhase;
			buildActionMask = 2147483647;
			files = (
			);
			runOnlyForDeploymentPostprocessing = 0;
		};
		B947EDC024D69B3C0029DEE8 /* Frameworks */ = {
			isa = PBXFrameworksBuildPhase;
			buildActionMask = 2147483647;
			files = (
			);
			runOnlyForDeploymentPostprocessing = 0;
		};
		B947EDCB24D69B3C0029DEE8 /* Frameworks */ = {
			isa = PBXFrameworksBuildPhase;
			buildActionMask = 2147483647;
			files = (
			);
			runOnlyForDeploymentPostprocessing = 0;
		};
/* End PBXFrameworksBuildPhase section */

/* Begin PBXGroup section */
		B947EDA424D69B3A0029DEE8 = {
			isa = PBXGroup;
			children = (
				B947EDAF24D69B3B0029DEE8 /* tip */,
				B947EDC624D69B3C0029DEE8 /* tipTests */,
				B947EDD124D69B3C0029DEE8 /* tipUITests */,
				B947EDAE24D69B3A0029DEE8 /* Products */,
			);
			sourceTree = "<group>";
		};
		B947EDAE24D69B3A0029DEE8 /* Products */ = {
			isa = PBXGroup;
			children = (
				B947EDAD24D69B3A0029DEE8 /* tip.app */,
				B947EDC324D69B3C0029DEE8 /* tipTests.xctest */,
				B947EDCE24D69B3C0029DEE8 /* tipUITests.xctest */,
			);
			name = Products;
			sourceTree = "<group>";
		};
		B947EDAF24D69B3B0029DEE8 /* tip */ = {
			isa = PBXGroup;
			children = (
				B947EDB024D69B3B0029DEE8 /* AppDelegate.swift */,
				B947EDB224D69B3B0029DEE8 /* SceneDelegate.swift */,
				B947EDB424D69B3B0029DEE8 /* ViewController.swift */,
				B947EDB624D69B3B0029DEE8 /* Main.storyboard */,
				B947EDB924D69B3C0029DEE8 /* Assets.xcassets */,
				B947EDBB24D69B3C0029DEE8 /* LaunchScreen.storyboard */,
				B947EDBE24D69B3C0029DEE8 /* Info.plist */,
			);
			path = tip;
			sourceTree = "<group>";
		};
		B947EDC624D69B3C0029DEE8 /* tipTests */ = {
			isa = PBXGroup;
			children = (
				B947EDC724D69B3C0029DEE8 /* tipTests.swift */,
				B947EDC924D69B3C0029DEE8 /* Info.plist */,
			);
			path = tipTests;
			sourceTree = "<group>";
		};
		B947EDD124D69B3C0029DEE8 /* tipUITests */ = {
			isa = PBXGroup;
			children = (
				B947EDD224D69B3C0029DEE8 /* tipUITests.swift */,
				B947EDD424D69B3C0029DEE8 /* Info.plist */,
			);
			path = tipUITests;
			sourceTree = "<group>";
		};
/* End PBXGroup section */

/* Begin PBXNativeTarget section */
		B947EDAC24D69B3A0029DEE8 /* tip */ = {
			isa = PBXNativeTarget;
			buildConfigurationList = B947EDD724D69B3C0029DEE8 /* Build configuration list for PBXNativeTarget "tip" */;
			buildPhases = (
				B947EDA924D69B3A0029DEE8 /* Sources */,
				B947EDAA24D69B3A0029DEE8 /* Frameworks */,
				B947EDAB24D69B3A0029DEE8 /* Resources */,
			);
			buildRules = (
			);
			dependencies = (
			);
			name = tip;
			productName = tip;
			productReference = B947EDAD24D69B3A0029DEE8 /* tip.app */;
			productType = "com.apple.product-type.application";
		};
		B947EDC224D69B3C0029DEE8 /* tipTests */ = {
			isa = PBXNativeTarget;
			buildConfigurationList = B947EDDA24D69B3C0029DEE8 /* Build configuration list for PBXNativeTarget "tipTests" */;
			buildPhases = (
				B947EDBF24D69B3C0029DEE8 /* Sources */,
				B947EDC024D69B3C0029DEE8 /* Frameworks */,
				B947EDC124D69B3C0029DEE8 /* Resources */,
			);
			buildRules = (
			);
			dependencies = (
				B947EDC524D69B3C0029DEE8 /* PBXTargetDependency */,
			);
			name = tipTests;
			productName = tipTests;
			productReference = B947EDC324D69B3C0029DEE8 /* tipTests.xctest */;
			productType = "com.apple.product-type.bundle.unit-test";
		};
		B947EDCD24D69B3C0029DEE8 /* tipUITests */ = {
			isa = PBXNativeTarget;
			buildConfigurationList = B947EDDD24D69B3C0029DEE8 /* Build configuration list for PBXNativeTarget "tipUITests" */;
			buildPhases = (
				B947EDCA24D69B3C0029DEE8 /* Sources */,
				B947EDCB24D69B3C0029DEE8 /* Frameworks */,
				B947EDCC24D69B3C0029DEE8 /* Resources */,
			);
			buildRules = (
			);
			dependencies = (
				B947EDD024D69B3C0029DEE8 /* PBXTargetDependency */,
			);
			name = tipUITests;
			productName = tipUITests;
			productReference = B947EDCE24D69B3C0029DEE8 /* tipUITests.xctest */;
			productType = "com.apple.product-type.bundle.ui-testing";
		};
/* End PBXNativeTarget section */

/* Begin PBXProject section */
		B947EDA524D69B3A0029DEE8 /* Project object */ = {
			isa = PBXProject;
			attributes = {
				LastSwiftUpdateCheck = 1160;
				LastUpgradeCheck = 1160;
				ORGANIZATIONNAME = Codepath;
				TargetAttributes = {
					B947EDAC24D69B3A0029DEE8 = {
						CreatedOnToolsVersion = 11.6;
					};
					B947EDC224D69B3C0029DEE8 = {
						CreatedOnToolsVersion = 11.6;
						TestTargetID = B947EDAC24D69B3A0029DEE8;
					};
					B947EDCD24D69B3C0029DEE8 = {
						CreatedOnToolsVersion = 11.6;
						TestTargetID = B947EDAC24D69B3A0029DEE8;
					};
				};
			};
			buildConfigurationList = B947EDA824D69B3A0029DEE8 /* Build configuration list for PBXProject "tip" */;
			compatibilityVersion = "Xcode 9.3";
			developmentRegion = en;
			hasScannedForEncodings = 0;
			knownRegions = (
				en,
				Base,
			);
			mainGroup = B947EDA424D69B3A0029DEE8;
			productRefGroup = B947EDAE24D69B3A0029DEE8 /* Products */;
			projectDirPath = "";
			projectRoot = "";
			targets = (
				B947EDAC24D69B3A0029DEE8 /* tip */,
				B947EDC224D69B3C0029DEE8 /* tipTests */,
				B947EDCD24D69B3C0029DEE8 /* tipUITests */,
			);
		};
/* End PBXProject section */

/* Begin PBXResourcesBuildPhase section */
		B947EDAB24D69B3A0029DEE8 /* Resources */ = {
			isa = PBXResourcesBuildPhase;
			buildActionMask = 2147483647;
			files = (
				B947EDBD24D69B3C0029DEE8 /* LaunchScreen.storyboard in Resources */,
				B947EDBA24D69B3C0029DEE8 /* Assets.xcassets in Resources */,
				B947EDB824D69B3B0029DEE8 /* Main.storyboard in Resources */,
			);
			runOnlyForDeploymentPostprocessing = 0;
		};
		B947EDC124D69B3C0029DEE8 /* Resources */ = {
			isa = PBXResourcesBuildPhase;
			buildActionMask = 2147483647;
			files = (
			);
			runOnlyForDeploymentPostprocessing = 0;
		};
		B947EDCC24D69B3C0029DEE8 /* Resources */ = {
			isa = PBXResourcesBuildPhase;
			buildActionMask = 2147483647;
			files = (
			);
			runOnlyForDeploymentPostprocessing = 0;
		};
/* End PBXResourcesBuildPhase section */

/* Begin PBXSourcesBuildPhase section */
		B947EDA924D69B3A0029DEE8 /* Sources */ = {
			isa = PBXSourcesBuildPhase;
			buildActionMask = 2147483647;
			files = (
				B947EDB524D69B3B0029DEE8 /* ViewController.swift in Sources */,
				B947EDB124D69B3B0029DEE8 /* AppDelegate.swift in Sources */,
				B947EDB324D69B3B0029DEE8 /* SceneDelegate.swift in Sources */,
			);
			runOnlyForDeploymentPostprocessing = 0;
		};
		B947EDBF24D69B3C0029DEE8 /* Sources */ = {
			isa = PBXSourcesBuildPhase;
			buildActionMask = 2147483647;
			files = (
				B947EDC824D69B3C0029DEE8 /* tipTests.swift in Sources */,
			);
			runOnlyForDeploymentPostprocessing = 0;
		};
		B947EDCA24D69B3C0029DEE8 /* Sources */ = {
			isa = PBXSourcesBuildPhase;
			buildActionMask = 2147483647;
			files = (
				B947EDD324D69B3C0029DEE8 /* tipUITests.swift in Sources */,
			);
			runOnlyForDeploymentPostprocessing = 0;
		};
/* End PBXSourcesBuildPhase section */

/* Begin PBXTargetDependency section */
		B947EDC524D69B3C0029DEE8 /* PBXTargetDependency */ = {
			isa = PBXTargetDependency;
			target = B947EDAC24D69B3A0029DEE8 /* tip */;
			targetProxy = B947EDC424D69B3C0029DEE8 /* PBXContainerItemProxy */;
		};
		B947EDD024D69B3C0029DEE8 /* PBXTargetDependency */ = {
			isa = PBXTargetDependency;
			target = B947EDAC24D69B3A0029DEE8 /* tip */;
			targetProxy = B947EDCF24D69B3C0029DEE8 /* PBXContainerItemProxy */;
		};
/* End PBXTargetDependency section */

/* Begin PBXVariantGroup section */
		B947EDB624D69B3B0029DEE8 /* Main.storyboard */ = {
			isa = PBXVariantGroup;
			children = (
				B947EDB724D69B3B0029DEE8 /* Base */,
			);
			name = Main.storyboard;
			sourceTree = "<group>";
		};
		B947EDBB24D69B3C0029DEE8 /* LaunchScreen.storyboard */ = {
			isa = PBXVariantGroup;
			children = (
				B947EDBC24D69B3C0029DEE8 /* Base */,
			);
			name = LaunchScreen.storyboard;
			sourceTree = "<group>";
		};
/* End PBXVariantGroup section */

/* Begin XCBuildConfiguration section */
		B947EDD524D69B3C0029DEE8 /* Debug */ = {
			isa = XCBuildConfiguration;
			buildSettings = {
				ALWAYS_SEARCH_USER_PATHS = NO;
				CLANG_ANALYZER_NONNULL = YES;
				CLANG_ANALYZER_NUMBER_OBJECT_CONVERSION = YES_AGGRESSIVE;
				CLANG_CXX_LANGUAGE_STANDARD = "gnu++14";
				CLANG_CXX_LIBRARY = "libc++";
				CLANG_ENABLE_MODULES = YES;
				CLANG_ENABLE_OBJC_ARC = YES;
				CLANG_ENABLE_OBJC_WEAK = YES;
				CLANG_WARN_BLOCK_CAPTURE_AUTORELEASING = YES;
				CLANG_WARN_BOOL_CONVERSION = YES;
				CLANG_WARN_COMMA = YES;
				CLANG_WARN_CONSTANT_CONVERSION = YES;
				CLANG_WARN_DEPRECATED_OBJC_IMPLEMENTATIONS = YES;
				CLANG_WARN_DIRECT_OBJC_ISA_USAGE = YES_ERROR;
				CLANG_WARN_DOCUMENTATION_COMMENTS = YES;
				CLANG_WARN_EMPTY_BODY = YES;
				CLANG_WARN_ENUM_CONVERSION = YES;
				CLANG_WARN_INFINITE_RECURSION = YES;
				CLANG_WARN_INT_CONVERSION = YES;
				CLANG_WARN_NON_LITERAL_NULL_CONVERSION = YES;
				CLANG_WARN_OBJC_IMPLICIT_RETAIN_SELF = YES;
				CLANG_WARN_OBJC_LITERAL_CONVERSION = YES;
				CLANG_WARN_OBJC_ROOT_CLASS = YES_ERROR;
				CLANG_WARN_RANGE_LOOP_ANALYSIS = YES;
				CLANG_WARN_STRICT_PROTOTYPES = YES;
				CLANG_WARN_SUSPICIOUS_MOVE = YES;
				CLANG_WARN_UNGUARDED_AVAILABILITY = YES_AGGRESSIVE;
				CLANG_WARN_UNREACHABLE_CODE = YES;
				CLANG_WARN__DUPLICATE_METHOD_MATCH = YES;
				COPY_PHASE_STRIP = NO;
				DEBUG_INFORMATION_FORMAT = dwarf;
				ENABLE_STRICT_OBJC_MSGSEND = YES;
				ENABLE_TESTABILITY = YES;
				GCC_C_LANGUAGE_STANDARD = gnu11;
				GCC_DYNAMIC_NO_PIC = NO;
				GCC_NO_COMMON_BLOCKS = YES;
				GCC_OPTIMIZATION_LEVEL = 0;
				GCC_PREPROCESSOR_DEFINITIONS = (
					"DEBUG=1",
					"$(inherited)",
				);
				GCC_WARN_64_TO_32_BIT_CONVERSION = YES;
				GCC_WARN_ABOUT_RETURN_TYPE = YES_ERROR;
				GCC_WARN_UNDECLARED_SELECTOR = YES;
				GCC_WARN_UNINITIALIZED_AUTOS = YES_AGGRESSIVE;
				GCC_WARN_UNUSED_FUNCTION = YES;
				GCC_WARN_UNUSED_VARIABLE = YES;
				IPHONEOS_DEPLOYMENT_TARGET = 13.6;
				MTL_ENABLE_DEBUG_INFO = INCLUDE_SOURCE;
				MTL_FAST_MATH = YES;
				ONLY_ACTIVE_ARCH = YES;
				SDKROOT = iphoneos;
				SWIFT_ACTIVE_COMPILATION_CONDITIONS = DEBUG;
				SWIFT_OPTIMIZATION_LEVEL = "-Onone";
			};
			name = Debug;
		};
		B947EDD624D69B3C0029DEE8 /* Release */ = {
			isa = XCBuildConfiguration;
			buildSettings = {
				ALWAYS_SEARCH_USER_PATHS = NO;
				CLANG_ANALYZER_NONNULL = YES;
				CLANG_ANALYZER_NUMBER_OBJECT_CONVERSION = YES_AGGRESSIVE;
				CLANG_CXX_LANGUAGE_STANDARD = "gnu++14";
				CLANG_CXX_LIBRARY = "libc++";
				CLANG_ENABLE_MODULES = YES;
				CLANG_ENABLE_OBJC_ARC = YES;
				CLANG_ENABLE_OBJC_WEAK = YES;
				CLANG_WARN_BLOCK_CAPTURE_AUTORELEASING = YES;
				CLANG_WARN_BOOL_CONVERSION = YES;
				CLANG_WARN_COMMA = YES;
				CLANG_WARN_CONSTANT_CONVERSION = YES;
				CLANG_WARN_DEPRECATED_OBJC_IMPLEMENTATIONS = YES;
				CLANG_WARN_DIRECT_OBJC_ISA_USAGE = YES_ERROR;
				CLANG_WARN_DOCUMENTATION_COMMENTS = YES;
				CLANG_WARN_EMPTY_BODY = YES;
				CLANG_WARN_ENUM_CONVERSION = YES;
				CLANG_WARN_INFINITE_RECURSION = YES;
				CLANG_WARN_INT_CONVERSION = YES;
				CLANG_WARN_NON_LITERAL_NULL_CONVERSION = YES;
				CLANG_WARN_OBJC_IMPLICIT_RETAIN_SELF = YES;
				CLANG_WARN_OBJC_LITERAL_CONVERSION = YES;
				CLANG_WARN_OBJC_ROOT_CLASS = YES_ERROR;
				CLANG_WARN_RANGE_LOOP_ANALYSIS = YES;
				CLANG_WARN_STRICT_PROTOTYPES = YES;
				CLANG_WARN_SUSPICIOUS_MOVE = YES;
				CLANG_WARN_UNGUARDED_AVAILABILITY = YES_AGGRESSIVE;
				CLANG_WARN_UNREACHABLE_CODE = YES;
				CLANG_WARN__DUPLICATE_METHOD_MATCH = YES;
				COPY_PHASE_STRIP = NO;
				DEBUG_INFORMATION_FORMAT = "dwarf-with-dsym";
				ENABLE_NS_ASSERTIONS = NO;
				ENABLE_STRICT_OBJC_MSGSEND = YES;
				GCC_C_LANGUAGE_STANDARD = gnu11;
				GCC_NO_COMMON_BLOCKS = YES;
				GCC_WARN_64_TO_32_BIT_CONVERSION = YES;
				GCC_WARN_ABOUT_RETURN_TYPE = YES_ERROR;
				GCC_WARN_UNDECLARED_SELECTOR = YES;
				GCC_WARN_UNINITIALIZED_AUTOS = YES_AGGRESSIVE;
				GCC_WARN_UNUSED_FUNCTION = YES;
				GCC_WARN_UNUSED_VARIABLE = YES;
				IPHONEOS_DEPLOYMENT_TARGET = 13.6;
				MTL_ENABLE_DEBUG_INFO = NO;
				MTL_FAST_MATH = YES;
				SDKROOT = iphoneos;
				SWIFT_COMPILATION_MODE = wholemodule;
				SWIFT_OPTIMIZATION_LEVEL = "-O";
				VALIDATE_PRODUCT = YES;
			};
			name = Release;
		};
		B947EDD824D69B3C0029DEE8 /* Debug */ = {
			isa = XCBuildConfiguration;
			buildSettings = {
				ASSETCATALOG_COMPILER_APPICON_NAME = AppIcon;
				CODE_SIGN_STYLE = Automatic;
				INFOPLIST_FILE = tip/Info.plist;
				LD_RUNPATH_SEARCH_PATHS = (
					"$(inherited)",
					"@executable_path/Frameworks",
				);
				PRODUCT_BUNDLE_IDENTIFIER = Codepath.tip;
				PRODUCT_NAME = "$(TARGET_NAME)";
				SWIFT_VERSION = 5.0;
				TARGETED_DEVICE_FAMILY = "1,2";
			};
			name = Debug;
		};
		B947EDD924D69B3C0029DEE8 /* Release */ = {
			isa = XCBuildConfiguration;
			buildSettings = {
				ASSETCATALOG_COMPILER_APPICON_NAME = AppIcon;
				CODE_SIGN_STYLE = Automatic;
				INFOPLIST_FILE = tip/Info.plist;
				LD_RUNPATH_SEARCH_PATHS = (
					"$(inherited)",
					"@executable_path/Frameworks",
				);
				PRODUCT_BUNDLE_IDENTIFIER = Codepath.tip;
				PRODUCT_NAME = "$(TARGET_NAME)";
				SWIFT_VERSION = 5.0;
				TARGETED_DEVICE_FAMILY = "1,2";
			};
			name = Release;
		};
		B947EDDB24D69B3C0029DEE8 /* Debug */ = {
			isa = XCBuildConfiguration;
			buildSettings = {
				ALWAYS_EMBED_SWIFT_STANDARD_LIBRARIES = YES;
				BUNDLE_LOADER = "$(TEST_HOST)";
				CODE_SIGN_STYLE = Automatic;
				INFOPLIST_FILE = tipTests/Info.plist;
				IPHONEOS_DEPLOYMENT_TARGET = 13.6;
				LD_RUNPATH_SEARCH_PATHS = (
					"$(inherited)",
					"@executable_path/Frameworks",
					"@loader_path/Frameworks",
				);
				PRODUCT_BUNDLE_IDENTIFIER = Codepath.tipTests;
				PRODUCT_NAME = "$(TARGET_NAME)";
				SWIFT_VERSION = 5.0;
				TARGETED_DEVICE_FAMILY = "1,2";
				TEST_HOST = "$(BUILT_PRODUCTS_DIR)/tip.app/tip";
			};
			name = Debug;
		};
		B947EDDC24D69B3C0029DEE8 /* Release */ = {
			isa = XCBuildConfiguration;
			buildSettings = {
				ALWAYS_EMBED_SWIFT_STANDARD_LIBRARIES = YES;
				BUNDLE_LOADER = "$(TEST_HOST)";
				CODE_SIGN_STYLE = Automatic;
				INFOPLIST_FILE = tipTests/Info.plist;
				IPHONEOS_DEPLOYMENT_TARGET = 13.6;
				LD_RUNPATH_SEARCH_PATHS = (
					"$(inherited)",
					"@executable_path/Frameworks",
					"@loader_path/Frameworks",
				);
				PRODUCT_BUNDLE_IDENTIFIER = Codepath.tipTests;
				PRODUCT_NAME = "$(TARGET_NAME)";
				SWIFT_VERSION = 5.0;
				TARGETED_DEVICE_FAMILY = "1,2";
				TEST_HOST = "$(BUILT_PRODUCTS_DIR)/tip.app/tip";
			};
			name = Release;
		};
		B947EDDE24D69B3C0029DEE8 /* Debug */ = {
			isa = XCBuildConfiguration;
			buildSettings = {
				ALWAYS_EMBED_SWIFT_STANDARD_LIBRARIES = YES;
				CODE_SIGN_STYLE = Automatic;
				INFOPLIST_FILE = tipUITests/Info.plist;
				LD_RUNPATH_SEARCH_PATHS = (
					"$(inherited)",
					"@executable_path/Frameworks",
					"@loader_path/Frameworks",
				);
				PRODUCT_BUNDLE_IDENTIFIER = Codepath.tipUITests;
				PRODUCT_NAME = "$(TARGET_NAME)";
				SWIFT_VERSION = 5.0;
				TARGETED_DEVICE_FAMILY = "1,2";
				TEST_TARGET_NAME = tip;
			};
			name = Debug;
		};
		B947EDDF24D69B3C0029DEE8 /* Release */ = {
			isa = XCBuildConfiguration;
			buildSettings = {
				ALWAYS_EMBED_SWIFT_STANDARD_LIBRARIES = YES;
				CODE_SIGN_STYLE = Automatic;
				INFOPLIST_FILE = tipUITests/Info.plist;
				LD_RUNPATH_SEARCH_PATHS = (
					"$(inherited)",
					"@executable_path/Frameworks",
					"@loader_path/Frameworks",
				);
				PRODUCT_BUNDLE_IDENTIFIER = Codepath.tipUITests;
				PRODUCT_NAME = "$(TARGET_NAME)";
				SWIFT_VERSION = 5.0;
				TARGETED_DEVICE_FAMILY = "1,2";
				TEST_TARGET_NAME = tip;
			};
			name = Release;
		};
/* End XCBuildConfiguration section */

/* Begin XCConfigurationList section */
		B947EDA824D69B3A0029DEE8 /* Build configuration list for PBXProject "tip" */ = {
			isa = XCConfigurationList;
			buildConfigurations = (
				B947EDD524D69B3C0029DEE8 /* Debug */,
				B947EDD624D69B3C0029DEE8 /* Release */,
			);
			defaultConfigurationIsVisible = 0;
			defaultConfigurationName = Release;
		};
		B947EDD724D69B3C0029DEE8 /* Build configuration list for PBXNativeTarget "tip" */ = {
			isa = XCConfigurationList;
			buildConfigurations = (
				B947EDD824D69B3C0029DEE8 /* Debug */,
				B947EDD924D69B3C0029DEE8 /* Release */,
			);
			defaultConfigurationIsVisible = 0;
			defaultConfigurationName = Release;
		};
		B947EDDA24D69B3C0029DEE8 /* Build configuration list for PBXNativeTarget "tipTests" */ = {
			isa = XCConfigurationList;
			buildConfigurations = (
				B947EDDB24D69B3C0029DEE8 /* Debug */,
				B947EDDC24D69B3C0029DEE8 /* Release */,
			);
			defaultConfigurationIsVisible = 0;
			defaultConfigurationName = Release;
		};
		B947EDDD24D69B3C0029DEE8 /* Build configuration list for PBXNativeTarget "tipUITests" */ = {
			isa = XCConfigurationList;
			buildConfigurations = (
				B947EDDE24D69B3C0029DEE8 /* Debug */,
				B947EDDF24D69B3C0029DEE8 /* Release */,
			);
			defaultConfigurationIsVisible = 0;
			defaultConfigurationName = Release;
		};
/* End XCConfigurationList section */
	};
	rootObject = B947EDA524D69B3A0029DEE8 /* Project object */;
}
